
Microsoft Visual Studio Solution File, Format Version 12.00
# Visual Studio Version 16
VisualStudioVersion = 16.0.31019.35
MinimumVisualStudioVersion = 10.0.40219.1
Project("{FAE04EC0-301F-11D3-BF4B-00C04F79EFBC}") = "C_Sharp_1", "C_Sharp_1\C_Sharp_1.csproj", "{0C29466E-86F1-4E79-A5E7-46202B079281}"
EndProject
Global
	GlobalSection(SolutionConfigurationPlatforms) = preSolution
		Debug|Any CPU = Debug|Any CPU
		Release|Any CPU = Release|Any CPU
	EndGlobalSection
	GlobalSection(ProjectConfigurationPlatforms) = postSolution
		{0C29466E-86F1-4E79-A5E7-46202B079281}.Debug|Any CPU.ActiveCfg = Debug|Any CPU
		{0C29466E-86F1-4E79-A5E7-46202B079281}.Debug|Any CPU.Build.0 = Debug|Any CPU
		{0C29466E-86F1-4E79-A5E7-46202B079281}.Release|Any CPU.ActiveCfg = Release|Any CPU
		{0C29466E-86F1-4E79-A5E7-46202B079281}.Release|Any CPU.Build.0 = Release|Any CPU
	EndGlobalSection
	GlobalSection(SolutionProperties) = preSolution
		HideSolutionNode = FALSE
	EndGlobalSection
	GlobalSection(ExtensibilityGlobals) = postSolution
		SolutionGuid = {02F8D6DA-D7B7-4E65-953C-6AD12A4EFCD3}
	EndGlobalSection
EndGlobal
